
Microsoft Visual Studio Solution File, Format Version 12.00
# Visual Studio 15
VisualStudioVersion = 15.0.27004.2006
MinimumVisualStudioVersion = 10.0.40219.1
Project("{FAE04EC0-301F-11D3-BF4B-00C04F79EFBC}") = "AccountLib", "AccountLib\AccountLib.csproj", "{DDAC70A3-062D-4494-BDA6-55DD03052699}"
EndProject
Project("{2150E333-8FDC-42A3-9474-1A3956D46DE8}") = "Account", "Account", "{15CCEF64-BA89-4A63-8A85-E0633E55D2EB}"
EndProject
Project("{FAE04EC0-301F-11D3-BF4B-00C04F79EFBC}") = "AccountTestLib", "AccountTestLib\AccountTestLib.csproj", "{EEAA6234-0D87-4C1B-BE49-53CFBB954D08}"
EndProject
Project("{2150E333-8FDC-42A3-9474-1A3956D46DE8}") = "AddTwoFilesToThrid", "AddTwoFilesToThrid", "{BA0AD37C-E965-40C6-8F67-1782CE8B1F97}"
EndProject
Project("{FAE04EC0-301F-11D3-BF4B-00C04F79EFBC}") = "WindowsFormsApp", "WindowsFormsApp\WindowsFormsApp.csproj", "{D801291D-0D09-4D46-8BCC-4DFCBA988377}"
EndProject
Project("{2150E333-8FDC-42A3-9474-1A3956D46DE8}") = "Calculator", "Calculator", "{0A2795F8-0410-4D5A-A580-E99500FD8736}"
EndProject
Project("{FAE04EC0-301F-11D3-BF4B-00C04F79EFBC}") = "CalculatorTestsLib", "CalculatorTestsLib\CalculatorTestsLib.csproj", "{338E05F5-85D5-4335-B41C-8B0391016401}"
EndProject
Project("{FAE04EC0-301F-11D3-BF4B-00C04F79EFBC}") = "CalculatorLib", "CalculatorLib\CalculatorLib.csproj", "{7C4A2520-0F08-4529-B204-12736F67986B}"
EndProject
Project("{FAE04EC0-301F-11D3-BF4B-00C04F79EFBC}") = "CalculatorWinApp", "CalculatorWinApp\CalculatorWinApp.csproj", "{7B501C6E-B3AB-470D-834D-D6A27BD904C0}"
EndProject
Global
	GlobalSection(SolutionConfigurationPlatforms) = preSolution
		Debug|Any CPU = Debug|Any CPU
		Release|Any CPU = Release|Any CPU
	EndGlobalSection
	GlobalSection(ProjectConfigurationPlatforms) = postSolution
		{DDAC70A3-062D-4494-BDA6-55DD03052699}.Debug|Any CPU.ActiveCfg = Debug|Any CPU
		{DDAC70A3-062D-4494-BDA6-55DD03052699}.Debug|Any CPU.Build.0 = Debug|Any CPU
		{DDAC70A3-062D-4494-BDA6-55DD03052699}.Release|Any CPU.ActiveCfg = Release|Any CPU
		{DDAC70A3-062D-4494-BDA6-55DD03052699}.Release|Any CPU.Build.0 = Release|Any CPU
		{EEAA6234-0D87-4C1B-BE49-53CFBB954D08}.Debug|Any CPU.ActiveCfg = Debug|Any CPU
		{EEAA6234-0D87-4C1B-BE49-53CFBB954D08}.Debug|Any CPU.Build.0 = Debug|Any CPU
		{EEAA6234-0D87-4C1B-BE49-53CFBB954D08}.Release|Any CPU.ActiveCfg = Release|Any CPU
		{EEAA6234-0D87-4C1B-BE49-53CFBB954D08}.Release|Any CPU.Build.0 = Release|Any CPU
		{D801291D-0D09-4D46-8BCC-4DFCBA988377}.Debug|Any CPU.ActiveCfg = Debug|Any CPU
		{D801291D-0D09-4D46-8BCC-4DFCBA988377}.Debug|Any CPU.Build.0 = Debug|Any CPU
		{D801291D-0D09-4D46-8BCC-4DFCBA988377}.Release|Any CPU.ActiveCfg = Release|Any CPU
		{D801291D-0D09-4D46-8BCC-4DFCBA988377}.Release|Any CPU.Build.0 = Release|Any CPU
		{338E05F5-85D5-4335-B41C-8B0391016401}.Debug|Any CPU.ActiveCfg = Debug|Any CPU
		{338E05F5-85D5-4335-B41C-8B0391016401}.Debug|Any CPU.Build.0 = Debug|Any CPU
		{338E05F5-85D5-4335-B41C-8B0391016401}.Release|Any CPU.ActiveCfg = Release|Any CPU
		{338E05F5-85D5-4335-B41C-8B0391016401}.Release|Any CPU.Build.0 = Release|Any CPU
		{7C4A2520-0F08-4529-B204-12736F67986B}.Debug|Any CPU.ActiveCfg = Debug|Any CPU
		{7C4A2520-0F08-4529-B204-12736F67986B}.Debug|Any CPU.Build.0 = Debug|Any CPU
		{7C4A2520-0F08-4529-B204-12736F67986B}.Release|Any CPU.ActiveCfg = Release|Any CPU
		{7C4A2520-0F08-4529-B204-12736F67986B}.Release|Any CPU.Build.0 = Release|Any CPU
		{7B501C6E-B3AB-470D-834D-D6A27BD904C0}.Debug|Any CPU.ActiveCfg = Debug|Any CPU
		{7B501C6E-B3AB-470D-834D-D6A27BD904C0}.Debug|Any CPU.Build.0 = Debug|Any CPU
		{7B501C6E-B3AB-470D-834D-D6A27BD904C0}.Release|Any CPU.ActiveCfg = Release|Any CPU
		{7B501C6E-B3AB-470D-834D-D6A27BD904C0}.Release|Any CPU.Build.0 = Release|Any CPU
	EndGlobalSection
	GlobalSection(SolutionProperties) = preSolution
		HideSolutionNode = FALSE
	EndGlobalSection
	GlobalSection(NestedProjects) = preSolution
		{DDAC70A3-062D-4494-BDA6-55DD03052699} = {15CCEF64-BA89-4A63-8A85-E0633E55D2EB}
		{EEAA6234-0D87-4C1B-BE49-53CFBB954D08} = {15CCEF64-BA89-4A63-8A85-E0633E55D2EB}
		{D801291D-0D09-4D46-8BCC-4DFCBA988377} = {BA0AD37C-E965-40C6-8F67-1782CE8B1F97}
		{338E05F5-85D5-4335-B41C-8B0391016401} = {0A2795F8-0410-4D5A-A580-E99500FD8736}
		{7C4A2520-0F08-4529-B204-12736F67986B} = {0A2795F8-0410-4D5A-A580-E99500FD8736}
		{7B501C6E-B3AB-470D-834D-D6A27BD904C0} = {0A2795F8-0410-4D5A-A580-E99500FD8736}
	EndGlobalSection
	GlobalSection(ExtensibilityGlobals) = postSolution
		SolutionGuid = {6162C029-0E68-41A2-8642-F513F7E3EE8B}
	EndGlobalSection
EndGlobal
